// !$*UTF8*$!
{
	archiveVersion = 1;
	classes = {
	};
	objectVersion = 50;
	objects = {

/* Begin PBXBuildFile section */
		93633272242A2B2E00ABFC42 /* TableViewCell.swift in Sources */ = {isa = PBXBuildFile; fileRef = 93633270242A2B2E00ABFC42 /* TableViewCell.swift */; };
		93633273242A2B2E00ABFC42 /* TableViewCell.xib in Resources */ = {isa = PBXBuildFile; fileRef = 93633271242A2B2E00ABFC42 /* TableViewCell.xib */; };
		93633276242A2B6E00ABFC42 /* correct.png in Resources */ = {isa = PBXBuildFile; fileRef = 93633275242A2B6E00ABFC42 /* correct.png */; };
		93F27E07242A295900ED0E1E /* AppDelegate.swift in Sources */ = {isa = PBXBuildFile; fileRef = 93F27E06242A295900ED0E1E /* AppDelegate.swift */; };
		93F27E09242A295900ED0E1E /* SceneDelegate.swift in Sources */ = {isa = PBXBuildFile; fileRef = 93F27E08242A295900ED0E1E /* SceneDelegate.swift */; };
		93F27E0B242A295900ED0E1E /* ViewController.swift in Sources */ = {isa = PBXBuildFile; fileRef = 93F27E0A242A295900ED0E1E /* ViewController.swift */; };
		93F27E0E242A295900ED0E1E /* Main.storyboard in Resources */ = {isa = PBXBuildFile; fileRef = 93F27E0C242A295900ED0E1E /* Main.storyboard */; };
		93F27E10242A295B00ED0E1E /* Assets.xcassets in Resources */ = {isa = PBXBuildFile; fileRef = 93F27E0F242A295B00ED0E1E /* Assets.xcassets */; };
		93F27E13242A295B00ED0E1E /* LaunchScreen.storyboard in Resources */ = {isa = PBXBuildFile; fileRef = 93F27E11242A295B00ED0E1E /* LaunchScreen.storyboard */; };
/* End PBXBuildFile section */

/* Begin PBXFileReference section */
		93633270242A2B2E00ABFC42 /* TableViewCell.swift */ = {isa = PBXFileReference; lastKnownFileType = sourcecode.swift; path = TableViewCell.swift; sourceTree = "<group>"; };
		93633271242A2B2E00ABFC42 /* TableViewCell.xib */ = {isa = PBXFileReference; lastKnownFileType = file.xib; path = TableViewCell.xib; sourceTree = "<group>"; };
		93633275242A2B6E00ABFC42 /* correct.png */ = {isa = PBXFileReference; lastKnownFileType = image.png; path = correct.png; sourceTree = "<group>"; };
		93F27E03242A295900ED0E1E /* MyTodoApp.app */ = {isa = PBXFileReference; explicitFileType = wrapper.application; includeInIndex = 0; path = MyTodoApp.app; sourceTree = BUILT_PRODUCTS_DIR; };
		93F27E06242A295900ED0E1E /* AppDelegate.swift */ = {isa = PBXFileReference; lastKnownFileType = sourcecode.swift; path = AppDelegate.swift; sourceTree = "<group>"; };
		93F27E08242A295900ED0E1E /* SceneDelegate.swift */ = {isa = PBXFileReference; lastKnownFileType = sourcecode.swift; path = SceneDelegate.swift; sourceTree = "<group>"; };
		93F27E0A242A295900ED0E1E /* ViewController.swift */ = {isa = PBXFileReference; lastKnownFileType = sourcecode.swift; path = ViewController.swift; sourceTree = "<group>"; };
		93F27E0D242A295900ED0E1E /* Base */ = {isa = PBXFileReference; lastKnownFileType = file.storyboard; name = Base; path = Base.lproj/Main.storyboard; sourceTree = "<group>"; };
		93F27E0F242A295B00ED0E1E /* Assets.xcassets */ = {isa = PBXFileReference; lastKnownFileType = folder.assetcatalog; path = Assets.xcassets; sourceTree = "<group>"; };
		93F27E12242A295B00ED0E1E /* Base */ = {isa = PBXFileReference; lastKnownFileType = file.storyboard; name = Base; path = Base.lproj/LaunchScreen.storyboard; sourceTree = "<group>"; };
		93F27E14242A295B00ED0E1E /* Info.plist */ = {isa = PBXFileReference; lastKnownFileType = text.plist.xml; path = Info.plist; sourceTree = "<group>"; };
/* End PBXFileReference section */

/* Begin PBXFrameworksBuildPhase section */
		93F27E00242A295900ED0E1E /* Frameworks */ = {
			isa = PBXFrameworksBuildPhase;
			buildActionMask = 2147483647;
			files = (
			);
			runOnlyForDeploymentPostprocessing = 0;
		};
/* End PBXFrameworksBuildPhase section */

/* Begin PBXGroup section */
		93633274242A2B3B00ABFC42 /* TableViewCell */ = {
			isa = PBXGroup;
			children = (
				93633270242A2B2E00ABFC42 /* TableViewCell.swift */,
				93633271242A2B2E00ABFC42 /* TableViewCell.xib */,
			);
			path = TableViewCell;
			sourceTree = "<group>";
		};
		93F27DFA242A295800ED0E1E = {
			isa = PBXGroup;
			children = (
				93F27E05242A295900ED0E1E /* MyTodoApp */,
				93F27E04242A295900ED0E1E /* Products */,
			);
			sourceTree = "<group>";
		};
		93F27E04242A295900ED0E1E /* Products */ = {
			isa = PBXGroup;
			children = (
				93F27E03242A295900ED0E1E /* MyTodoApp.app */,
			);
			name = Products;
			sourceTree = "<group>";
		};
		93F27E05242A295900ED0E1E /* MyTodoApp */ = {
			isa = PBXGroup;
			children = (
				93F27E06242A295900ED0E1E /* AppDelegate.swift */,
				93F27E08242A295900ED0E1E /* SceneDelegate.swift */,
				93F27E0A242A295900ED0E1E /* ViewController.swift */,
				93F27E0C242A295900ED0E1E /* Main.storyboard */,
				93633274242A2B3B00ABFC42 /* TableViewCell */,
				93F27E0F242A295B00ED0E1E /* Assets.xcassets */,
				93633275242A2B6E00ABFC42 /* correct.png */,
				93F27E11242A295B00ED0E1E /* LaunchScreen.storyboard */,
				93F27E14242A295B00ED0E1E /* Info.plist */,
			);
			path = MyTodoApp;
			sourceTree = "<group>";
		};
/* End PBXGroup section */

/* Begin PBXNativeTarget section */
		93F27E02242A295900ED0E1E /* MyTodoApp */ = {
			isa = PBXNativeTarget;
			buildConfigurationList = 93F27E17242A295B00ED0E1E /* Build configuration list for PBXNativeTarget "MyTodoApp" */;
			buildPhases = (
				93F27DFF242A295900ED0E1E /* Sources */,
				93F27E00242A295900ED0E1E /* Frameworks */,
				93F27E01242A295900ED0E1E /* Resources */,
			);
			buildRules = (
			);
			dependencies = (
			);
			name = MyTodoApp;
			productName = MyTodoApp;
			productReference = 93F27E03242A295900ED0E1E /* MyTodoApp.app */;
			productType = "com.apple.product-type.application";
		};
/* End PBXNativeTarget section */

/* Begin PBXProject section */
		93F27DFB242A295800ED0E1E /* Project object */ = {
			isa = PBXProject;
			attributes = {
				LastSwiftUpdateCheck = 1130;
				LastUpgradeCheck = 1130;
				ORGANIZATIONNAME = MyTodoApp;
				TargetAttributes = {
					93F27E02242A295900ED0E1E = {
						CreatedOnToolsVersion = 11.3.1;
					};
				};
			};
			buildConfigurationList = 93F27DFE242A295800ED0E1E /* Build configuration list for PBXProject "MyTodoApp" */;
			compatibilityVersion = "Xcode 9.3";
			developmentRegion = en;
			hasScannedForEncodings = 0;
			knownRegions = (
				en,
				Base,
			);
			mainGroup = 93F27DFA242A295800ED0E1E;
			productRefGroup = 93F27E04242A295900ED0E1E /* Products */;
			projectDirPath = "";
			projectRoot = "";
			targets = (
				93F27E02242A295900ED0E1E /* MyTodoApp */,
			);
		};
/* End PBXProject section */

/* Begin PBXResourcesBuildPhase section */
		93F27E01242A295900ED0E1E /* Resources */ = {
			isa = PBXResourcesBuildPhase;
			buildActionMask = 2147483647;
			files = (
				93633276242A2B6E00ABFC42 /* correct.png in Resources */,
				93F27E13242A295B00ED0E1E /* LaunchScreen.storyboard in Resources */,
				93633273242A2B2E00ABFC42 /* TableViewCell.xib in Resources */,
				93F27E10242A295B00ED0E1E /* Assets.xcassets in Resources */,
				93F27E0E242A295900ED0E1E /* Main.storyboard in Resources */,
			);
			runOnlyForDeploymentPostprocessing = 0;
		};
/* End PBXResourcesBuildPhase section */

/* Begin PBXSourcesBuildPhase section */
		93F27DFF242A295900ED0E1E /* Sources */ = {
			isa = PBXSourcesBuildPhase;
			buildActionMask = 2147483647;
			files = (
				93F27E0B242A295900ED0E1E /* ViewController.swift in Sources */,
				93633272242A2B2E00ABFC42 /* TableViewCell.swift in Sources */,
				93F27E07242A295900ED0E1E /* AppDelegate.swift in Sources */,
				93F27E09242A295900ED0E1E /* SceneDelegate.swift in Sources */,
			);
			runOnlyForDeploymentPostprocessing = 0;
		};
/* End PBXSourcesBuildPhase section */

/* Begin PBXVariantGroup section */
		93F27E0C242A295900ED0E1E /* Main.storyboard */ = {
			isa = PBXVariantGroup;
			children = (
				93F27E0D242A295900ED0E1E /* Base */,
			);
			name = Main.storyboard;
			sourceTree = "<group>";
		};
		93F27E11242A295B00ED0E1E /* LaunchScreen.storyboard */ = {
			isa = PBXVariantGroup;
			children = (
				93F27E12242A295B00ED0E1E /* Base */,
			);
			name = LaunchScreen.storyboard;
			sourceTree = "<group>";
		};
/* End PBXVariantGroup section */

/* Begin XCBuildConfiguration section */
		93F27E15242A295B00ED0E1E /* Debug */ = {
			isa = XCBuildConfiguration;
			buildSettings = {
				ALWAYS_SEARCH_USER_PATHS = NO;
				CLANG_ANALYZER_NONNULL = YES;
				CLANG_ANALYZER_NUMBER_OBJECT_CONVERSION = YES_AGGRESSIVE;
				CLANG_CXX_LANGUAGE_STANDARD = "gnu++14";
				CLANG_CXX_LIBRARY = "libc++";
				CLANG_ENABLE_MODULES = YES;
				CLANG_ENABLE_OBJC_ARC = YES;
				CLANG_ENABLE_OBJC_WEAK = YES;
				CLANG_WARN_BLOCK_CAPTURE_AUTORELEASING = YES;
				CLANG_WARN_BOOL_CONVERSION = YES;
				CLANG_WARN_COMMA = YES;
				CLANG_WARN_CONSTANT_CONVERSION = YES;
				CLANG_WARN_DEPRECATED_OBJC_IMPLEMENTATIONS = YES;
				CLANG_WARN_DIRECT_OBJC_ISA_USAGE = YES_ERROR;
				CLANG_WARN_DOCUMENTATION_COMMENTS = YES;
				CLANG_WARN_EMPTY_BODY = YES;
				CLANG_WARN_ENUM_CONVERSION = YES;
				CLANG_WARN_INFINITE_RECURSION = YES;
				CLANG_WARN_INT_CONVERSION = YES;
				CLANG_WARN_NON_LITERAL_NULL_CONVERSION = YES;
				CLANG_WARN_OBJC_IMPLICIT_RETAIN_SELF = YES;
				CLANG_WARN_OBJC_LITERAL_CONVERSION = YES;
				CLANG_WARN_OBJC_ROOT_CLASS = YES_ERROR;
				CLANG_WARN_RANGE_LOOP_ANALYSIS = YES;
				CLANG_WARN_STRICT_PROTOTYPES = YES;
				CLANG_WARN_SUSPICIOUS_MOVE = YES;
				CLANG_WARN_UNGUARDED_AVAILABILITY = YES_AGGRESSIVE;
				CLANG_WARN_UNREACHABLE_CODE = YES;
				CLANG_WARN__DUPLICATE_METHOD_MATCH = YES;
				COPY_PHASE_STRIP = NO;
				DEBUG_INFORMATION_FORMAT = dwarf;
				ENABLE_STRICT_OBJC_MSGSEND = YES;
				ENABLE_TESTABILITY = YES;
				GCC_C_LANGUAGE_STANDARD = gnu11;
				GCC_DYNAMIC_NO_PIC = NO;
				GCC_NO_COMMON_BLOCKS = YES;
				GCC_OPTIMIZATION_LEVEL = 0;
				GCC_PREPROCESSOR_DEFINITIONS = (
					"DEBUG=1",
					"$(inherited)",
				);
				GCC_WARN_64_TO_32_BIT_CONVERSION = YES;
				GCC_WARN_ABOUT_RETURN_TYPE = YES_ERROR;
				GCC_WARN_UNDECLARED_SELECTOR = YES;
				GCC_WARN_UNINITIALIZED_AUTOS = YES_AGGRESSIVE;
				GCC_WARN_UNUSED_FUNCTION = YES;
				GCC_WARN_UNUSED_VARIABLE = YES;
				IPHONEOS_DEPLOYMENT_TARGET = 13.2;
				MTL_ENABLE_DEBUG_INFO = INCLUDE_SOURCE;
				MTL_FAST_MATH = YES;
				ONLY_ACTIVE_ARCH = YES;
				SDKROOT = iphoneos;
				SWIFT_ACTIVE_COMPILATION_CONDITIONS = DEBUG;
				SWIFT_OPTIMIZATION_LEVEL = "-Onone";
			};
			name = Debug;
		};
		93F27E16242A295B00ED0E1E /* Release */ = {
			isa = XCBuildConfiguration;
			buildSettings = {
				ALWAYS_SEARCH_USER_PATHS = NO;
				CLANG_ANALYZER_NONNULL = YES;
				CLANG_ANALYZER_NUMBER_OBJECT_CONVERSION = YES_AGGRESSIVE;
				CLANG_CXX_LANGUAGE_STANDARD = "gnu++14";
				CLANG_CXX_LIBRARY = "libc++";
				CLANG_ENABLE_MODULES = YES;
				CLANG_ENABLE_OBJC_ARC = YES;
				CLANG_ENABLE_OBJC_WEAK = YES;
				CLANG_WARN_BLOCK_CAPTURE_AUTORELEASING = YES;
				CLANG_WARN_BOOL_CONVERSION = YES;
				CLANG_WARN_COMMA = YES;
				CLANG_WARN_CONSTANT_CONVERSION = YES;
				CLANG_WARN_DEPRECATED_OBJC_IMPLEMENTATIONS = YES;
				CLANG_WARN_DIRECT_OBJC_ISA_USAGE = YES_ERROR;
				CLANG_WARN_DOCUMENTATION_COMMENTS = YES;
				CLANG_WARN_EMPTY_BODY = YES;
				CLANG_WARN_ENUM_CONVERSION = YES;
				CLANG_WARN_INFINITE_RECURSION = YES;
				CLANG_WARN_INT_CONVERSION = YES;
				CLANG_WARN_NON_LITERAL_NULL_CONVERSION = YES;
				CLANG_WARN_OBJC_IMPLICIT_RETAIN_SELF = YES;
				CLANG_WARN_OBJC_LITERAL_CONVERSION = YES;
				CLANG_WARN_OBJC_ROOT_CLASS = YES_ERROR;
				CLANG_WARN_RANGE_LOOP_ANALYSIS = YES;
				CLANG_WARN_STRICT_PROTOTYPES = YES;
				CLANG_WARN_SUSPICIOUS_MOVE = YES;
				CLANG_WARN_UNGUARDED_AVAILABILITY = YES_AGGRESSIVE;
				CLANG_WARN_UNREACHABLE_CODE = YES;
				CLANG_WARN__DUPLICATE_METHOD_MATCH = YES;
				COPY_PHASE_STRIP = NO;
				DEBUG_INFORMATION_FORMAT = "dwarf-with-dsym";
				ENABLE_NS_ASSERTIONS = NO;
				ENABLE_STRICT_OBJC_MSGSEND = YES;
				GCC_C_LANGUAGE_STANDARD = gnu11;
				GCC_NO_COMMON_BLOCKS = YES;
				GCC_WARN_64_TO_32_BIT_CONVERSION = YES;
				GCC_WARN_ABOUT_RETURN_TYPE = YES_ERROR;
				GCC_WARN_UNDECLARED_SELECTOR = YES;
				GCC_WARN_UNINITIALIZED_AUTOS = YES_AGGRESSIVE;
				GCC_WARN_UNUSED_FUNCTION = YES;
				GCC_WARN_UNUSED_VARIABLE = YES;
				IPHONEOS_DEPLOYMENT_TARGET = 13.2;
				MTL_ENABLE_DEBUG_INFO = NO;
				MTL_FAST_MATH = YES;
				SDKROOT = iphoneos;
				SWIFT_COMPILATION_MODE = wholemodule;
				SWIFT_OPTIMIZATION_LEVEL = "-O";
				VALIDATE_PRODUCT = YES;
			};
			name = Release;
		};
		93F27E18242A295B00ED0E1E /* Debug */ = {
			isa = XCBuildConfiguration;
			buildSettings = {
				ASSETCATALOG_COMPILER_APPICON_NAME = AppIcon;
				CODE_SIGN_STYLE = Automatic;
				DEVELOPMENT_TEAM = PB6XA8LQSD;
				INFOPLIST_FILE = MyTodoApp/Info.plist;
				LD_RUNPATH_SEARCH_PATHS = (
					"$(inherited)",
					"@executable_path/Frameworks",
				);
				PRODUCT_BUNDLE_IDENTIFIER = com.AbuSoud.MyTodoApp;
				PRODUCT_NAME = "$(TARGET_NAME)";
				SWIFT_VERSION = 5.0;
				TARGETED_DEVICE_FAMILY = "1,2";
			};
			name = Debug;
		};
		93F27E19242A295B00ED0E1E /* Release */ = {
			isa = XCBuildConfiguration;
			buildSettings = {
				ASSETCATALOG_COMPILER_APPICON_NAME = AppIcon;
				CODE_SIGN_STYLE = Automatic;
				DEVELOPMENT_TEAM = PB6XA8LQSD;
				INFOPLIST_FILE = MyTodoApp/Info.plist;
				LD_RUNPATH_SEARCH_PATHS = (
					"$(inherited)",
					"@executable_path/Frameworks",
				);
				PRODUCT_BUNDLE_IDENTIFIER = com.AbuSoud.MyTodoApp;
				PRODUCT_NAME = "$(TARGET_NAME)";
				SWIFT_VERSION = 5.0;
				TARGETED_DEVICE_FAMILY = "1,2";
			};
			name = Release;
		};
/* End XCBuildConfiguration section */

/* Begin XCConfigurationList section */
		93F27DFE242A295800ED0E1E /* Build configuration list for PBXProject "MyTodoApp" */ = {
			isa = XCConfigurationList;
			buildConfigurations = (
				93F27E15242A295B00ED0E1E /* Debug */,
				93F27E16242A295B00ED0E1E /* Release */,
			);
			defaultConfigurationIsVisible = 0;
			defaultConfigurationName = Release;
		};
		93F27E17242A295B00ED0E1E /* Build configuration list for PBXNativeTarget "MyTodoApp" */ = {
			isa = XCConfigurationList;
			buildConfigurations = (
				93F27E18242A295B00ED0E1E /* Debug */,
				93F27E19242A295B00ED0E1E /* Release */,
			);
			defaultConfigurationIsVisible = 0;
			defaultConfigurationName = Release;
		};
/* End XCConfigurationList section */
	};
	rootObject = 93F27DFB242A295800ED0E1E /* Project object */;
}
